
Microsoft Visual Studio Solution File, Format Version 12.00
# Visual Studio Version 17
VisualStudioVersion = 17.3.32929.385
MinimumVisualStudioVersion = 10.0.40219.1
Project("{FAE04EC0-301F-11D3-BF4B-00C04F79EFBC}") = "UserServiceAPITests", "UserServiceAPITests.csproj", "{C8DF0DF7-0F5F-4BD5-B807-1E07E945D53A}"
EndProject
Global
	GlobalSection(SolutionConfigurationPlatforms) = preSolution
		Debug|Any CPU = Debug|Any CPU
		Release|Any CPU = Release|Any CPU
	EndGlobalSection
	GlobalSection(ProjectConfigurationPlatforms) = postSolution
		{C8DF0DF7-0F5F-4BD5-B807-1E07E945D53A}.Debug|Any CPU.ActiveCfg = Debug|Any CPU
		{C8DF0DF7-0F5F-4BD5-B807-1E07E945D53A}.Debug|Any CPU.Build.0 = Debug|Any CPU
		{C8DF0DF7-0F5F-4BD5-B807-1E07E945D53A}.Release|Any CPU.ActiveCfg = Release|Any CPU
		{C8DF0DF7-0F5F-4BD5-B807-1E07E945D53A}.Release|Any CPU.Build.0 = Release|Any CPU
	EndGlobalSection
	GlobalSection(SolutionProperties) = preSolution
		HideSolutionNode = FALSE
	EndGlobalSection
	GlobalSection(ExtensibilityGlobals) = postSolution
		SolutionGuid = {4D220DF3-B967-466F-AE32-FFE11F2A7B3A}
	EndGlobalSection
EndGlobal
